# THIS IS AN AUTOGENERATED FILE. DO NOT EDIT THIS FILE DIRECTLY.
# yarn lockfile v1


"@emmetio/abbreviation@^2.3.3":
  version "2.3.3"
  resolved "https://registry.yarnpkg.com/@emmetio/abbreviation/-/abbreviation-2.3.3.tgz#ed2b88fe37b972292d6026c7c540aaf887cecb6e"
  integrity sha512-mgv58UrU3rh4YgbE/TzgLQwJ3pFsHHhCLqY20aJq+9comytTXUDNGG/SMtSeMJdkpxgXSXunBGLD8Boka3JyVA==
  dependencies:
    "@emmetio/scanner" "^1.0.4"

"@emmetio/css-abbreviation@^2.1.8":
  version "2.1.8"
  resolved "https://registry.yarnpkg.com/@emmetio/css-abbreviation/-/css-abbreviation-2.1.8.tgz#b785313486eba6cb7eb623ad39378c4e1063dc00"
  integrity sha512-s9yjhJ6saOO/uk1V74eifykk2CBYi01STTK3WlXWGOepyKa23ymJ053+DNQjpFcy1ingpaO7AxCcwLvHFY9tuw==
  dependencies:
    "@emmetio/scanner" "^1.0.4"

"@emmetio/scanner@^1.0.4":
  version "1.0.4"
  resolved "https://registry.yarnpkg.com/@emmetio/scanner/-/scanner-1.0.4.tgz#e9cdc67194fd91f8b7eb141014be4f2d086c15f1"
  integrity sha512-IqRuJtQff7YHHBk4G8YZ45uB9BaAGcwQeVzgj/zj8/UdOhtQpEIupUhSk8dys6spFIWVZVeK20CzGEnqR5SbqA==

"@tailwindcss/language-server@^0.14.23":
  version "0.14.23"
  resolved "https://registry.yarnpkg.com/@tailwindcss/language-server/-/language-server-0.14.23.tgz#1e8fa614fa71c10770f9b7d15e1a5b5d9adc6a9a"
  integrity sha512-d5PtxJ2VRpD2+qx7mgL6tBnFzEbsKS9EsdLnRp3j14o/3g61iPV8o61UjjkSGr/G7U5hWFaPRIvKrahCbU6Wcw==

"@types/node@^17.0.45":
  version "17.0.45"
  resolved "https://registry.yarnpkg.com/@types/node/-/node-17.0.45.tgz#2c0fafd78705e7a18b7906b5201a522719dc5190"
  integrity sha512-w+tIMs3rq2afQdsPJlODhoUEKzFP1ayaoyl1CcnwtIlsVe7K7bA1NGm4s3PraqTLlXnbIN84zuBlxBWo1u9BLw==

create-svelte@^7.0.0:
  version "7.0.0"
  resolved "https://registry.yarnpkg.com/create-svelte/-/create-svelte-7.0.0.tgz#e5113483565d224e70dda3cdace8360a09adc0c0"
  integrity sha512-+IGTDiF0Jlyu1//zf9pNBntTutE+a0VyYDi+bR2l8ApJLZWqYitv5MbhtzEe4XCjx3crooW65wsIP1KSQSZpug==

create-vite@^7.0.1:
  version "7.0.1"
  resolved "https://registry.yarnpkg.com/create-vite/-/create-vite-7.0.1.tgz#a7867a7c3c4a88f5b666d9556eaae083d328fc42"
  integrity sha512-XIhV8FPcpdUUvx4zVNxVpWU2ob8hXXxjGjmqR+KL+ZUFVoYbEbD5dSd5Z25bX4ertFlGbEb/4cnYO/DcRGOSHg==

emmet-ls@^0.4.2:
  version "0.4.2"
  resolved "https://registry.yarnpkg.com/emmet-ls/-/emmet-ls-0.4.2.tgz#bef5849dfdb2c0ebbe9c0640805a2f292d4bda40"
  integrity sha512-nwiUsbph9c4TkZjrKb7OqrUG6XQ3AxmmVn3IDR6FTx/xLLAegpmSxfOrvvPADbz9vOkSP6jjShpux1tNrqqIkQ==
  dependencies:
    "@types/node" "^17.0.45"
    emmet "^2.3.6"
    typescript "^4.8.4"
    vscode-languageserver "^7.0.0"
    vscode-languageserver-textdocument "^1.0.7"

emmet@^2.3.6:
  version "2.4.11"
  resolved "https://registry.yarnpkg.com/emmet/-/emmet-2.4.11.tgz#b331f572df37a252360ebee7dc4462c8d2e32f5c"
  integrity sha512-23QPJB3moh/U9sT4rQzGgeyyGIrcM+GH5uVYg2C6wZIxAIJq7Ng3QLT79tl8FUwDXhyq9SusfknOrofAKqvgyQ==
  dependencies:
    "@emmetio/abbreviation" "^2.3.3"
    "@emmetio/css-abbreviation" "^2.1.8"

tailwindcss@^4.1.10:
  version "4.1.10"
  resolved "https://registry.yarnpkg.com/tailwindcss/-/tailwindcss-4.1.10.tgz#515741b0a79316d1971d182f7fbc435b68679373"
  integrity sha512-P3nr6WkvKV/ONsTzj6Gb57sWPMX29EPNPopo7+FcpkQaNsrNpZ1pv8QmrYI2RqEKD7mlGqLnGovlcYnBK0IqUA==

typescript-language-server@^4.3.4:
  version "4.3.4"
  resolved "https://registry.yarnpkg.com/typescript-language-server/-/typescript-language-server-4.3.4.tgz#ca1dfd8923a33248026add883c7646de9563a0dd"
  integrity sha512-0pQ4ffAarsf10VwFhyyyqNJhuDd4r6f4dSsQN38WdbQ3WVxqi08p/bI//v1VnOV5CSVd4AeOUY/jfJYheHTQPQ==

typescript@^4.8.4:
  version "4.9.5"
  resolved "https://registry.yarnpkg.com/typescript/-/typescript-4.9.5.tgz#095979f9bcc0d09da324d58d03ce8f8374cbe65a"
  integrity sha512-1FXk9E2Hm+QzZQ7z+McJiHL4NW1F2EzMu9Nq9i3zAaGqibafqYwCVU6WyWAuyQRRzOlxou8xZSyXLEN8oKj24g==

typescript@^5.8.3:
  version "5.8.3"
  resolved "https://registry.yarnpkg.com/typescript/-/typescript-5.8.3.tgz#92f8a3e5e3cf497356f4178c34cd65a7f5e8440e"
  integrity sha512-p1diW6TqL9L07nNxvRMM7hMMw4c5XOo/1ibL4aAIGmSAt9slTE1Xgw5KWuof2uTOvCg9BY7ZRi+GaF+7sfgPeQ==

vscode-jsonrpc@6.0.0:
  version "6.0.0"
  resolved "https://registry.yarnpkg.com/vscode-jsonrpc/-/vscode-jsonrpc-6.0.0.tgz#108bdb09b4400705176b957ceca9e0880e9b6d4e"
  integrity sha512-wnJA4BnEjOSyFMvjZdpiOwhSq9uDoK8e/kpRJDTaMYzwlkrhG1fwDIZI94CLsLzlCK5cIbMMtFlJlfR57Lavmg==

vscode-languageserver-protocol@3.16.0:
  version "3.16.0"
  resolved "https://registry.yarnpkg.com/vscode-languageserver-protocol/-/vscode-languageserver-protocol-3.16.0.tgz#34135b61a9091db972188a07d337406a3cdbe821"
  integrity sha512-sdeUoAawceQdgIfTI+sdcwkiK2KU+2cbEYA0agzM2uqaUy2UpnnGHtWTHVEtS0ES4zHU0eMFRGN+oQgDxlD66A==
  dependencies:
    vscode-jsonrpc "6.0.0"
    vscode-languageserver-types "3.16.0"

vscode-languageserver-textdocument@^1.0.7:
  version "1.0.12"
  resolved "https://registry.yarnpkg.com/vscode-languageserver-textdocument/-/vscode-languageserver-textdocument-1.0.12.tgz#457ee04271ab38998a093c68c2342f53f6e4a631"
  integrity sha512-cxWNPesCnQCcMPeenjKKsOCKQZ/L6Tv19DTRIGuLWe32lyzWhihGVJ/rcckZXJxfdKCFvRLS3fpBIsV/ZGX4zA==

vscode-languageserver-types@3.16.0:
  version "3.16.0"
  resolved "https://registry.yarnpkg.com/vscode-languageserver-types/-/vscode-languageserver-types-3.16.0.tgz#ecf393fc121ec6974b2da3efb3155644c514e247"
  integrity sha512-k8luDIWJWyenLc5ToFQQMaSrqCHiLwyKPHKPQZ5zz21vM+vIVUSvsRpcbiECH4WR88K2XZqc4ScRcZ7nk/jbeA==

vscode-languageserver@^7.0.0:
  version "7.0.0"
  resolved "https://registry.yarnpkg.com/vscode-languageserver/-/vscode-languageserver-7.0.0.tgz#49b068c87cfcca93a356969d20f5d9bdd501c6b0"
  integrity sha512-60HTx5ID+fLRcgdHfmz0LDZAXYEV68fzwG0JWwEPBode9NuMYTIxuYXPg4ngO8i8+Ou0lM7y6GzaYWbiDL0drw==
  dependencies:
    vscode-languageserver-protocol "3.16.0"
